// !$*UTF8*$!
{
	archiveVersion = 1;
	classes = {
	};
	objectVersion = 46;
	objects = {

/* Begin PBXBuildFile section */
		B93578421F44158C00238F0B /* main.m in Sources */ = {isa = PBXBuildFile; fileRef = B93578411F44158C00238F0B /* main.m */; };
		B93578451F44158C00238F0B /* AppDelegate.m in Sources */ = {isa = PBXBuildFile; fileRef = B93578441F44158C00238F0B /* AppDelegate.m */; };
		B93578481F44158C00238F0B /* ViewController.m in Sources */ = {isa = PBXBuildFile; fileRef = B93578471F44158C00238F0B /* ViewController.m */; };
		B935784B1F44158C00238F0B /* Main.storyboard in Resources */ = {isa = PBXBuildFile; fileRef = B93578491F44158C00238F0B /* Main.storyboard */; };
		B935784D1F44158C00238F0B /* Assets.xcassets in Resources */ = {isa = PBXBuildFile; fileRef = B935784C1F44158C00238F0B /* Assets.xcassets */; };
		B93578501F44158C00238F0B /* LaunchScreen.storyboard in Resources */ = {isa = PBXBuildFile; fileRef = B935784E1F44158C00238F0B /* LaunchScreen.storyboard */; };
		B935785B1F44158C00238F0B /* StretchSlideTests.m in Sources */ = {isa = PBXBuildFile; fileRef = B935785A1F44158C00238F0B /* StretchSlideTests.m */; };
		B93578661F44158C00238F0B /* StretchSlideUITests.m in Sources */ = {isa = PBXBuildFile; fileRef = B93578651F44158C00238F0B /* StretchSlideUITests.m */; };
		B93578761F4415E100238F0B /* MainViewController.m in Sources */ = {isa = PBXBuildFile; fileRef = B93578751F4415E100238F0B /* MainViewController.m */; };
		B93578801F44395C00238F0B /* HggNaviController.m in Sources */ = {isa = PBXBuildFile; fileRef = B935787F1F44395C00238F0B /* HggNaviController.m */; };
		B93578831F443C0C00238F0B /* HggNavigationVC.m in Sources */ = {isa = PBXBuildFile; fileRef = B93578821F443C0C00238F0B /* HggNavigationVC.m */; };
		B93578871F4440B100238F0B /* UIImage+Extension.m in Sources */ = {isa = PBXBuildFile; fileRef = B93578861F4440B100238F0B /* UIImage+Extension.m */; };
		B935788B1F44445300238F0B /* HggSliderTool.m in Sources */ = {isa = PBXBuildFile; fileRef = B935788A1F44445300238F0B /* HggSliderTool.m */; };
		B935788E1F4444C300238F0B /* HgLeftViewController.m in Sources */ = {isa = PBXBuildFile; fileRef = B935788D1F4444C300238F0B /* HgLeftViewController.m */; };
		B93578921F444DAB00238F0B /* HggPersonViewController.m in Sources */ = {isa = PBXBuildFile; fileRef = B93578911F444DAB00238F0B /* HggPersonViewController.m */; };
		B93578951F444E0900238F0B /* HggItem.m in Sources */ = {isa = PBXBuildFile; fileRef = B93578941F444E0900238F0B /* HggItem.m */; };
		B93578981F444E6F00238F0B /* HggCommenTableViewCell.m in Sources */ = {isa = PBXBuildFile; fileRef = B93578971F444E6F00238F0B /* HggCommenTableViewCell.m */; };
		B93578B41F452AFC00238F0B /* HggMyWalletViewController.m in Sources */ = {isa = PBXBuildFile; fileRef = B93578B31F452AFC00238F0B /* HggMyWalletViewController.m */; };
		B93578B71F452B2100238F0B /* HggRouteViewController.m in Sources */ = {isa = PBXBuildFile; fileRef = B93578B61F452B2100238F0B /* HggRouteViewController.m */; };
		B93578BA1F452B3200238F0B /* HggMessageViewController.m in Sources */ = {isa = PBXBuildFile; fileRef = B93578B91F452B3200238F0B /* HggMessageViewController.m */; };
		B93578BD1F452B3F00238F0B /* HggShareViewController.m in Sources */ = {isa = PBXBuildFile; fileRef = B93578BC1F452B3F00238F0B /* HggShareViewController.m */; };
		B93578C01F452B6000238F0B /* HggSaleViewController.m in Sources */ = {isa = PBXBuildFile; fileRef = B93578BF1F452B6000238F0B /* HggSaleViewController.m */; };
		B93578C31F452B7700238F0B /* HggHelpViewController.m in Sources */ = {isa = PBXBuildFile; fileRef = B93578C21F452B7700238F0B /* HggHelpViewController.m */; };
		B93578C61F452B8300238F0B /* HggSetViewController.m in Sources */ = {isa = PBXBuildFile; fileRef = B93578C51F452B8300238F0B /* HggSetViewController.m */; };
/* End PBXBuildFile section */

/* Begin PBXContainerItemProxy section */
		B93578571F44158C00238F0B /* PBXContainerItemProxy */ = {
			isa = PBXContainerItemProxy;
			containerPortal = B93578351F44158C00238F0B /* Project object */;
			proxyType = 1;
			remoteGlobalIDString = B935783C1F44158C00238F0B;
			remoteInfo = StretchSlide;
		};
		B93578621F44158C00238F0B /* PBXContainerItemProxy */ = {
			isa = PBXContainerItemProxy;
			containerPortal = B93578351F44158C00238F0B /* Project object */;
			proxyType = 1;
			remoteGlobalIDString = B935783C1F44158C00238F0B;
			remoteInfo = StretchSlide;
		};
/* End PBXContainerItemProxy section */

/* Begin PBXFileReference section */
		B935783D1F44158C00238F0B /* StretchSlide.app */ = {isa = PBXFileReference; explicitFileType = wrapper.application; includeInIndex = 0; path = StretchSlide.app; sourceTree = BUILT_PRODUCTS_DIR; };
		B93578411F44158C00238F0B /* main.m */ = {isa = PBXFileReference; lastKnownFileType = sourcecode.c.objc; path = main.m; sourceTree = "<group>"; };
		B93578431F44158C00238F0B /* AppDelegate.h */ = {isa = PBXFileReference; lastKnownFileType = sourcecode.c.h; path = AppDelegate.h; sourceTree = "<group>"; };
		B93578441F44158C00238F0B /* AppDelegate.m */ = {isa = PBXFileReference; lastKnownFileType = sourcecode.c.objc; path = AppDelegate.m; sourceTree = "<group>"; };
		B93578461F44158C00238F0B /* ViewController.h */ = {isa = PBXFileReference; lastKnownFileType = sourcecode.c.h; path = ViewController.h; sourceTree = "<group>"; };
		B93578471F44158C00238F0B /* ViewController.m */ = {isa = PBXFileReference; lastKnownFileType = sourcecode.c.objc; path = ViewController.m; sourceTree = "<group>"; };
		B935784A1F44158C00238F0B /* Base */ = {isa = PBXFileReference; lastKnownFileType = file.storyboard; name = Base; path = Base.lproj/Main.storyboard; sourceTree = "<group>"; };
		B935784C1F44158C00238F0B /* Assets.xcassets */ = {isa = PBXFileReference; lastKnownFileType = folder.assetcatalog; path = Assets.xcassets; sourceTree = "<group>"; };
		B935784F1F44158C00238F0B /* Base */ = {isa = PBXFileReference; lastKnownFileType = file.storyboard; name = Base; path = Base.lproj/LaunchScreen.storyboard; sourceTree = "<group>"; };
		B93578511F44158C00238F0B /* Info.plist */ = {isa = PBXFileReference; lastKnownFileType = text.plist.xml; path = Info.plist; sourceTree = "<group>"; };
		B93578561F44158C00238F0B /* StretchSlideTests.xctest */ = {isa = PBXFileReference; explicitFileType = wrapper.cfbundle; includeInIndex = 0; path = StretchSlideTests.xctest; sourceTree = BUILT_PRODUCTS_DIR; };
		B935785A1F44158C00238F0B /* StretchSlideTests.m */ = {isa = PBXFileReference; lastKnownFileType = sourcecode.c.objc; path = StretchSlideTests.m; sourceTree = "<group>"; };
		B935785C1F44158C00238F0B /* Info.plist */ = {isa = PBXFileReference; lastKnownFileType = text.plist.xml; path = Info.plist; sourceTree = "<group>"; };
		B93578611F44158C00238F0B /* StretchSlideUITests.xctest */ = {isa = PBXFileReference; explicitFileType = wrapper.cfbundle; includeInIndex = 0; path = StretchSlideUITests.xctest; sourceTree = BUILT_PRODUCTS_DIR; };
		B93578651F44158C00238F0B /* StretchSlideUITests.m */ = {isa = PBXFileReference; lastKnownFileType = sourcecode.c.objc; path = StretchSlideUITests.m; sourceTree = "<group>"; };
		B93578671F44158C00238F0B /* Info.plist */ = {isa = PBXFileReference; lastKnownFileType = text.plist.xml; path = Info.plist; sourceTree = "<group>"; };
		B93578741F4415E100238F0B /* MainViewController.h */ = {isa = PBXFileReference; fileEncoding = 4; lastKnownFileType = sourcecode.c.h; path = MainViewController.h; sourceTree = "<group>"; };
		B93578751F4415E100238F0B /* MainViewController.m */ = {isa = PBXFileReference; fileEncoding = 4; lastKnownFileType = sourcecode.c.objc; path = MainViewController.m; sourceTree = "<group>"; };
		B935787E1F44395C00238F0B /* HggNaviController.h */ = {isa = PBXFileReference; fileEncoding = 4; lastKnownFileType = sourcecode.c.h; path = HggNaviController.h; sourceTree = "<group>"; };
		B935787F1F44395C00238F0B /* HggNaviController.m */ = {isa = PBXFileReference; fileEncoding = 4; lastKnownFileType = sourcecode.c.objc; path = HggNaviController.m; sourceTree = "<group>"; };
		B93578811F443C0C00238F0B /* HggNavigationVC.h */ = {isa = PBXFileReference; fileEncoding = 4; lastKnownFileType = sourcecode.c.h; path = HggNavigationVC.h; sourceTree = "<group>"; };
		B93578821F443C0C00238F0B /* HggNavigationVC.m */ = {isa = PBXFileReference; fileEncoding = 4; lastKnownFileType = sourcecode.c.objc; path = HggNavigationVC.m; sourceTree = "<group>"; };
		B93578851F4440AC00238F0B /* UIImage+Extension.h */ = {isa = PBXFileReference; fileEncoding = 4; lastKnownFileType = sourcecode.c.h; path = "UIImage+Extension.h"; sourceTree = "<group>"; };
		B93578861F4440B100238F0B /* UIImage+Extension.m */ = {isa = PBXFileReference; fileEncoding = 4; lastKnownFileType = sourcecode.c.objc; path = "UIImage+Extension.m"; sourceTree = "<group>"; };
		B93578891F44445300238F0B /* HggSliderTool.h */ = {isa = PBXFileReference; fileEncoding = 4; lastKnownFileType = sourcecode.c.h; path = HggSliderTool.h; sourceTree = "<group>"; };
		B935788A1F44445300238F0B /* HggSliderTool.m */ = {isa = PBXFileReference; fileEncoding = 4; lastKnownFileType = sourcecode.c.objc; path = HggSliderTool.m; sourceTree = "<group>"; };
		B935788C1F4444C300238F0B /* HgLeftViewController.h */ = {isa = PBXFileReference; fileEncoding = 4; lastKnownFileType = sourcecode.c.h; path = HgLeftViewController.h; sourceTree = "<group>"; };
		B935788D1F4444C300238F0B /* HgLeftViewController.m */ = {isa = PBXFileReference; fileEncoding = 4; lastKnownFileType = sourcecode.c.objc; path = HgLeftViewController.m; sourceTree = "<group>"; };
		B93578901F444DAB00238F0B /* HggPersonViewController.h */ = {isa = PBXFileReference; fileEncoding = 4; lastKnownFileType = sourcecode.c.h; path = HggPersonViewController.h; sourceTree = "<group>"; };
		B93578911F444DAB00238F0B /* HggPersonViewController.m */ = {isa = PBXFileReference; fileEncoding = 4; lastKnownFileType = sourcecode.c.objc; path = HggPersonViewController.m; sourceTree = "<group>"; };
		B93578931F444E0900238F0B /* HggItem.h */ = {isa = PBXFileReference; fileEncoding = 4; lastKnownFileType = sourcecode.c.h; path = HggItem.h; sourceTree = "<group>"; };
		B93578941F444E0900238F0B /* HggItem.m */ = {isa = PBXFileReference; fileEncoding = 4; lastKnownFileType = sourcecode.c.objc; path = HggItem.m; sourceTree = "<group>"; };
		B93578961F444E6F00238F0B /* HggCommenTableViewCell.h */ = {isa = PBXFileReference; fileEncoding = 4; lastKnownFileType = sourcecode.c.h; path = HggCommenTableViewCell.h; sourceTree = "<group>"; };
		B93578971F444E6F00238F0B /* HggCommenTableViewCell.m */ = {isa = PBXFileReference; fileEncoding = 4; lastKnownFileType = sourcecode.c.objc; path = HggCommenTableViewCell.m; sourceTree = "<group>"; };
		B93578B21F452AFC00238F0B /* HggMyWalletViewController.h */ = {isa = PBXFileReference; fileEncoding = 4; lastKnownFileType = sourcecode.c.h; path = HggMyWalletViewController.h; sourceTree = "<group>"; };
		B93578B31F452AFC00238F0B /* HggMyWalletViewController.m */ = {isa = PBXFileReference; fileEncoding = 4; lastKnownFileType = sourcecode.c.objc; path = HggMyWalletViewController.m; sourceTree = "<group>"; };
		B93578B51F452B2100238F0B /* HggRouteViewController.h */ = {isa = PBXFileReference; fileEncoding = 4; lastKnownFileType = sourcecode.c.h; path = HggRouteViewController.h; sourceTree = "<group>"; };
		B93578B61F452B2100238F0B /* HggRouteViewController.m */ = {isa = PBXFileReference; fileEncoding = 4; lastKnownFileType = sourcecode.c.objc; path = HggRouteViewController.m; sourceTree = "<group>"; };
		B93578B81F452B3200238F0B /* HggMessageViewController.h */ = {isa = PBXFileReference; fileEncoding = 4; lastKnownFileType = sourcecode.c.h; path = HggMessageViewController.h; sourceTree = "<group>"; };
		B93578B91F452B3200238F0B /* HggMessageViewController.m */ = {isa = PBXFileReference; fileEncoding = 4; lastKnownFileType = sourcecode.c.objc; path = HggMessageViewController.m; sourceTree = "<group>"; };
		B93578BB1F452B3F00238F0B /* HggShareViewController.h */ = {isa = PBXFileReference; fileEncoding = 4; lastKnownFileType = sourcecode.c.h; path = HggShareViewController.h; sourceTree = "<group>"; };
		B93578BC1F452B3F00238F0B /* HggShareViewController.m */ = {isa = PBXFileReference; fileEncoding = 4; lastKnownFileType = sourcecode.c.objc; path = HggShareViewController.m; sourceTree = "<group>"; };
		B93578BE1F452B6000238F0B /* HggSaleViewController.h */ = {isa = PBXFileReference; fileEncoding = 4; lastKnownFileType = sourcecode.c.h; path = HggSaleViewController.h; sourceTree = "<group>"; };
		B93578BF1F452B6000238F0B /* HggSaleViewController.m */ = {isa = PBXFileReference; fileEncoding = 4; lastKnownFileType = sourcecode.c.objc; path = HggSaleViewController.m; sourceTree = "<group>"; };
		B93578C11F452B7700238F0B /* HggHelpViewController.h */ = {isa = PBXFileReference; fileEncoding = 4; lastKnownFileType = sourcecode.c.h; path = HggHelpViewController.h; sourceTree = "<group>"; };
		B93578C21F452B7700238F0B /* HggHelpViewController.m */ = {isa = PBXFileReference; fileEncoding = 4; lastKnownFileType = sourcecode.c.objc; path = HggHelpViewController.m; sourceTree = "<group>"; };
		B93578C41F452B8300238F0B /* HggSetViewController.h */ = {isa = PBXFileReference; fileEncoding = 4; lastKnownFileType = sourcecode.c.h; path = HggSetViewController.h; sourceTree = "<group>"; };
		B93578C51F452B8300238F0B /* HggSetViewController.m */ = {isa = PBXFileReference; fileEncoding = 4; lastKnownFileType = sourcecode.c.objc; path = HggSetViewController.m; sourceTree = "<group>"; };
		B93578C71F452BBF00238F0B /* Header.h */ = {isa = PBXFileReference; lastKnownFileType = sourcecode.c.h; path = Header.h; sourceTree = "<group>"; };
/* End PBXFileReference section */

/* Begin PBXFrameworksBuildPhase section */
		B935783A1F44158C00238F0B /* Frameworks */ = {
			isa = PBXFrameworksBuildPhase;
			buildActionMask = 2147483647;
			files = (
			);
			runOnlyForDeploymentPostprocessing = 0;
		};
		B93578531F44158C00238F0B /* Frameworks */ = {
			isa = PBXFrameworksBuildPhase;
			buildActionMask = 2147483647;
			files = (
			);
			runOnlyForDeploymentPostprocessing = 0;
		};
		B935785E1F44158C00238F0B /* Frameworks */ = {
			isa = PBXFrameworksBuildPhase;
			buildActionMask = 2147483647;
			files = (
			);
			runOnlyForDeploymentPostprocessing = 0;
		};
/* End PBXFrameworksBuildPhase section */

/* Begin PBXGroup section */
		B93578341F44158C00238F0B = {
			isa = PBXGroup;
			children = (
				B935783F1F44158C00238F0B /* StretchSlide */,
				B93578591F44158C00238F0B /* StretchSlideTests */,
				B93578641F44158C00238F0B /* StretchSlideUITests */,
				B935783E1F44158C00238F0B /* Products */,
			);
			sourceTree = "<group>";
		};
		B935783E1F44158C00238F0B /* Products */ = {
			isa = PBXGroup;
			children = (
				B935783D1F44158C00238F0B /* StretchSlide.app */,
				B93578561F44158C00238F0B /* StretchSlideTests.xctest */,
				B93578611F44158C00238F0B /* StretchSlideUITests.xctest */,
			);
			name = Products;
			sourceTree = "<group>";
		};
		B935783F1F44158C00238F0B /* StretchSlide */ = {
			isa = PBXGroup;
			children = (
				B93578991F444F5300238F0B /* 视图子视图 */,
				B935788F1F444D8600238F0B /* 视图 */,
				B935787A1F44369900238F0B /* Navc */,
				B93578731F4415B300238F0B /* VC */,
				B93578881F44442F00238F0B /* Model */,
				B93578431F44158C00238F0B /* AppDelegate.h */,
				B93578441F44158C00238F0B /* AppDelegate.m */,
				B93578461F44158C00238F0B /* ViewController.h */,
				B93578471F44158C00238F0B /* ViewController.m */,
				B93578491F44158C00238F0B /* Main.storyboard */,
				B93578841F4440A600238F0B /* Category */,
				B935784C1F44158C00238F0B /* Assets.xcassets */,
				B935784E1F44158C00238F0B /* LaunchScreen.storyboard */,
				B93578511F44158C00238F0B /* Info.plist */,
				B93578401F44158C00238F0B /* Supporting Files */,
				B93578C71F452BBF00238F0B /* Header.h */,
			);
			path = StretchSlide;
			sourceTree = "<group>";
		};
		B93578401F44158C00238F0B /* Supporting Files */ = {
			isa = PBXGroup;
			children = (
				B93578411F44158C00238F0B /* main.m */,
			);
			name = "Supporting Files";
			sourceTree = "<group>";
		};
		B93578591F44158C00238F0B /* StretchSlideTests */ = {
			isa = PBXGroup;
			children = (
				B935785A1F44158C00238F0B /* StretchSlideTests.m */,
				B935785C1F44158C00238F0B /* Info.plist */,
			);
			path = StretchSlideTests;
			sourceTree = "<group>";
		};
		B93578641F44158C00238F0B /* StretchSlideUITests */ = {
			isa = PBXGroup;
			children = (
				B93578651F44158C00238F0B /* StretchSlideUITests.m */,
				B93578671F44158C00238F0B /* Info.plist */,
			);
			path = StretchSlideUITests;
			sourceTree = "<group>";
		};
		B93578731F4415B300238F0B /* VC */ = {
			isa = PBXGroup;
			children = (
				B93578741F4415E100238F0B /* MainViewController.h */,
				B93578751F4415E100238F0B /* MainViewController.m */,
				B935787E1F44395C00238F0B /* HggNaviController.h */,
				B935787F1F44395C00238F0B /* HggNaviController.m */,
				B93578811F443C0C00238F0B /* HggNavigationVC.h */,
				B93578821F443C0C00238F0B /* HggNavigationVC.m */,
				B935788C1F4444C300238F0B /* HgLeftViewController.h */,
				B935788D1F4444C300238F0B /* HgLeftViewController.m */,
			);
			path = VC;
			sourceTree = "<group>";
		};
		B935787A1F44369900238F0B /* Navc */ = {
			isa = PBXGroup;
			children = (
			);
			path = Navc;
			sourceTree = "<group>";
		};
		B93578841F4440A600238F0B /* Category */ = {
			isa = PBXGroup;
			children = (
				B93578851F4440AC00238F0B /* UIImage+Extension.h */,
				B93578861F4440B100238F0B /* UIImage+Extension.m */,
			);
			path = Category;
			sourceTree = "<group>";
		};
		B93578881F44442F00238F0B /* Model */ = {
			isa = PBXGroup;
			children = (
				B93578891F44445300238F0B /* HggSliderTool.h */,
				B935788A1F44445300238F0B /* HggSliderTool.m */,
			);
			name = Model;
			sourceTree = "<group>";
		};
		B935788F1F444D8600238F0B /* 视图 */ = {
			isa = PBXGroup;
			children = (
				B93578901F444DAB00238F0B /* HggPersonViewController.h */,
				B93578911F444DAB00238F0B /* HggPersonViewController.m */,
				B93578931F444E0900238F0B /* HggItem.h */,
				B93578941F444E0900238F0B /* HggItem.m */,
				B93578961F444E6F00238F0B /* HggCommenTableViewCell.h */,
				B93578971F444E6F00238F0B /* HggCommenTableViewCell.m */,
			);
			name = "视图";
			sourceTree = "<group>";
		};
		B93578991F444F5300238F0B /* 视图子视图 */ = {
			isa = PBXGroup;
			children = (
				B93578B21F452AFC00238F0B /* HggMyWalletViewController.h */,
				B93578B31F452AFC00238F0B /* HggMyWalletViewController.m */,
				B93578B51F452B2100238F0B /* HggRouteViewController.h */,
				B93578B61F452B2100238F0B /* HggRouteViewController.m */,
				B93578B81F452B3200238F0B /* HggMessageViewController.h */,
				B93578B91F452B3200238F0B /* HggMessageViewController.m */,
				B93578BB1F452B3F00238F0B /* HggShareViewController.h */,
				B93578BC1F452B3F00238F0B /* HggShareViewController.m */,
				B93578BE1F452B6000238F0B /* HggSaleViewController.h */,
				B93578BF1F452B6000238F0B /* HggSaleViewController.m */,
				B93578C11F452B7700238F0B /* HggHelpViewController.h */,
				B93578C21F452B7700238F0B /* HggHelpViewController.m */,
				B93578C41F452B8300238F0B /* HggSetViewController.h */,
				B93578C51F452B8300238F0B /* HggSetViewController.m */,
			);
			name = "视图子视图";
			sourceTree = "<group>";
		};
/* End PBXGroup section */

/* Begin PBXNativeTarget section */
		B935783C1F44158C00238F0B /* StretchSlide */ = {
			isa = PBXNativeTarget;
			buildConfigurationList = B935786A1F44158C00238F0B /* Build configuration list for PBXNativeTarget "StretchSlide" */;
			buildPhases = (
				B93578391F44158C00238F0B /* Sources */,
				B935783A1F44158C00238F0B /* Frameworks */,
				B935783B1F44158C00238F0B /* Resources */,
			);
			buildRules = (
			);
			dependencies = (
			);
			name = StretchSlide;
			productName = StretchSlide;
			productReference = B935783D1F44158C00238F0B /* StretchSlide.app */;
			productType = "com.apple.product-type.application";
		};
		B93578551F44158C00238F0B /* StretchSlideTests */ = {
			isa = PBXNativeTarget;
			buildConfigurationList = B935786D1F44158C00238F0B /* Build configuration list for PBXNativeTarget "StretchSlideTests" */;
			buildPhases = (
				B93578521F44158C00238F0B /* Sources */,
				B93578531F44158C00238F0B /* Frameworks */,
				B93578541F44158C00238F0B /* Resources */,
			);
			buildRules = (
			);
			dependencies = (
				B93578581F44158C00238F0B /* PBXTargetDependency */,
			);
			name = StretchSlideTests;
			productName = StretchSlideTests;
			productReference = B93578561F44158C00238F0B /* StretchSlideTests.xctest */;
			productType = "com.apple.product-type.bundle.unit-test";
		};
		B93578601F44158C00238F0B /* StretchSlideUITests */ = {
			isa = PBXNativeTarget;
			buildConfigurationList = B93578701F44158C00238F0B /* Build configuration list for PBXNativeTarget "StretchSlideUITests" */;
			buildPhases = (
				B935785D1F44158C00238F0B /* Sources */,
				B935785E1F44158C00238F0B /* Frameworks */,
				B935785F1F44158C00238F0B /* Resources */,
			);
			buildRules = (
			);
			dependencies = (
				B93578631F44158C00238F0B /* PBXTargetDependency */,
			);
			name = StretchSlideUITests;
			productName = StretchSlideUITests;
			productReference = B93578611F44158C00238F0B /* StretchSlideUITests.xctest */;
			productType = "com.apple.product-type.bundle.ui-testing";
		};
/* End PBXNativeTarget section */

/* Begin PBXProject section */
		B93578351F44158C00238F0B /* Project object */ = {
			isa = PBXProject;
			attributes = {
				LastUpgradeCheck = 0820;
				ORGANIZATIONNAME = "胡高广";
				TargetAttributes = {
					B935783C1F44158C00238F0B = {
						CreatedOnToolsVersion = 8.2.1;
						ProvisioningStyle = Automatic;
					};
					B93578551F44158C00238F0B = {
						CreatedOnToolsVersion = 8.2.1;
						ProvisioningStyle = Automatic;
						TestTargetID = B935783C1F44158C00238F0B;
					};
					B93578601F44158C00238F0B = {
						CreatedOnToolsVersion = 8.2.1;
						ProvisioningStyle = Automatic;
						TestTargetID = B935783C1F44158C00238F0B;
					};
				};
			};
			buildConfigurationList = B93578381F44158C00238F0B /* Build configuration list for PBXProject "StretchSlide" */;
			compatibilityVersion = "Xcode 3.2";
			developmentRegion = English;
			hasScannedForEncodings = 0;
			knownRegions = (
				en,
				Base,
			);
			mainGroup = B93578341F44158C00238F0B;
			productRefGroup = B935783E1F44158C00238F0B /* Products */;
			projectDirPath = "";
			projectRoot = "";
			targets = (
				B935783C1F44158C00238F0B /* StretchSlide */,
				B93578551F44158C00238F0B /* StretchSlideTests */,
				B93578601F44158C00238F0B /* StretchSlideUITests */,
			);
		};
/* End PBXProject section */

/* Begin PBXResourcesBuildPhase section */
		B935783B1F44158C00238F0B /* Resources */ = {
			isa = PBXResourcesBuildPhase;
			buildActionMask = 2147483647;
			files = (
				B93578501F44158C00238F0B /* LaunchScreen.storyboard in Resources */,
				B935784D1F44158C00238F0B /* Assets.xcassets in Resources */,
				B935784B1F44158C00238F0B /* Main.storyboard in Resources */,
			);
			runOnlyForDeploymentPostprocessing = 0;
		};
		B93578541F44158C00238F0B /* Resources */ = {
			isa = PBXResourcesBuildPhase;
			buildActionMask = 2147483647;
			files = (
			);
			runOnlyForDeploymentPostprocessing = 0;
		};
		B935785F1F44158C00238F0B /* Resources */ = {
			isa = PBXResourcesBuildPhase;
			buildActionMask = 2147483647;
			files = (
			);
			runOnlyForDeploymentPostprocessing = 0;
		};
/* End PBXResourcesBuildPhase section */

/* Begin PBXSourcesBuildPhase section */
		B93578391F44158C00238F0B /* Sources */ = {
			isa = PBXSourcesBuildPhase;
			buildActionMask = 2147483647;
			files = (
				B93578921F444DAB00238F0B /* HggPersonViewController.m in Sources */,
				B93578481F44158C00238F0B /* ViewController.m in Sources */,
				B93578BA1F452B3200238F0B /* HggMessageViewController.m in Sources */,
				B935788B1F44445300238F0B /* HggSliderTool.m in Sources */,
				B935788E1F4444C300238F0B /* HgLeftViewController.m in Sources */,
				B93578871F4440B100238F0B /* UIImage+Extension.m in Sources */,
				B93578951F444E0900238F0B /* HggItem.m in Sources */,
				B93578451F44158C00238F0B /* AppDelegate.m in Sources */,
				B93578C61F452B8300238F0B /* HggSetViewController.m in Sources */,
				B93578C31F452B7700238F0B /* HggHelpViewController.m in Sources */,
				B93578B71F452B2100238F0B /* HggRouteViewController.m in Sources */,
				B93578421F44158C00238F0B /* main.m in Sources */,
				B93578831F443C0C00238F0B /* HggNavigationVC.m in Sources */,
				B93578BD1F452B3F00238F0B /* HggShareViewController.m in Sources */,
				B93578761F4415E100238F0B /* MainViewController.m in Sources */,
				B93578801F44395C00238F0B /* HggNaviController.m in Sources */,
				B93578C01F452B6000238F0B /* HggSaleViewController.m in Sources */,
				B93578981F444E6F00238F0B /* HggCommenTableViewCell.m in Sources */,
				B93578B41F452AFC00238F0B /* HggMyWalletViewController.m in Sources */,
			);
			runOnlyForDeploymentPostprocessing = 0;
		};
		B93578521F44158C00238F0B /* Sources */ = {
			isa = PBXSourcesBuildPhase;
			buildActionMask = 2147483647;
			files = (
				B935785B1F44158C00238F0B /* StretchSlideTests.m in Sources */,
			);
			runOnlyForDeploymentPostprocessing = 0;
		};
		B935785D1F44158C00238F0B /* Sources */ = {
			isa = PBXSourcesBuildPhase;
			buildActionMask = 2147483647;
			files = (
				B93578661F44158C00238F0B /* StretchSlideUITests.m in Sources */,
			);
			runOnlyForDeploymentPostprocessing = 0;
		};
/* End PBXSourcesBuildPhase section */

/* Begin PBXTargetDependency section */
		B93578581F44158C00238F0B /* PBXTargetDependency */ = {
			isa = PBXTargetDependency;
			target = B935783C1F44158C00238F0B /* StretchSlide */;
			targetProxy = B93578571F44158C00238F0B /* PBXContainerItemProxy */;
		};
		B93578631F44158C00238F0B /* PBXTargetDependency */ = {
			isa = PBXTargetDependency;
			target = B935783C1F44158C00238F0B /* StretchSlide */;
			targetProxy = B93578621F44158C00238F0B /* PBXContainerItemProxy */;
		};
/* End PBXTargetDependency section */

/* Begin PBXVariantGroup section */
		B93578491F44158C00238F0B /* Main.storyboard */ = {
			isa = PBXVariantGroup;
			children = (
				B935784A1F44158C00238F0B /* Base */,
			);
			name = Main.storyboard;
			sourceTree = "<group>";
		};
		B935784E1F44158C00238F0B /* LaunchScreen.storyboard */ = {
			isa = PBXVariantGroup;
			children = (
				B935784F1F44158C00238F0B /* Base */,
			);
			name = LaunchScreen.storyboard;
			sourceTree = "<group>";
		};
/* End PBXVariantGroup section */

/* Begin XCBuildConfiguration section */
		B93578681F44158C00238F0B /* Debug */ = {
			isa = XCBuildConfiguration;
			buildSettings = {
				ALWAYS_SEARCH_USER_PATHS = NO;
				CLANG_ANALYZER_NONNULL = YES;
				CLANG_CXX_LANGUAGE_STANDARD = "gnu++0x";
				CLANG_CXX_LIBRARY = "libc++";
				CLANG_ENABLE_MODULES = YES;
				CLANG_ENABLE_OBJC_ARC = YES;
				CLANG_WARN_BOOL_CONVERSION = YES;
				CLANG_WARN_CONSTANT_CONVERSION = YES;
				CLANG_WARN_DIRECT_OBJC_ISA_USAGE = YES_ERROR;
				CLANG_WARN_DOCUMENTATION_COMMENTS = YES;
				CLANG_WARN_EMPTY_BODY = YES;
				CLANG_WARN_ENUM_CONVERSION = YES;
				CLANG_WARN_INFINITE_RECURSION = YES;
				CLANG_WARN_INT_CONVERSION = YES;
				CLANG_WARN_OBJC_ROOT_CLASS = YES_ERROR;
				CLANG_WARN_SUSPICIOUS_MOVE = YES;
				CLANG_WARN_UNREACHABLE_CODE = YES;
				CLANG_WARN__DUPLICATE_METHOD_MATCH = YES;
				"CODE_SIGN_IDENTITY[sdk=iphoneos*]" = "iPhone Developer";
				COPY_PHASE_STRIP = NO;
				DEBUG_INFORMATION_FORMAT = dwarf;
				ENABLE_STRICT_OBJC_MSGSEND = YES;
				ENABLE_TESTABILITY = YES;
				GCC_C_LANGUAGE_STANDARD = gnu99;
				GCC_DYNAMIC_NO_PIC = NO;
				GCC_NO_COMMON_BLOCKS = YES;
				GCC_OPTIMIZATION_LEVEL = 0;
				GCC_PREPROCESSOR_DEFINITIONS = (
					"DEBUG=1",
					"$(inherited)",
				);
				GCC_WARN_64_TO_32_BIT_CONVERSION = YES;
				GCC_WARN_ABOUT_RETURN_TYPE = YES_ERROR;
				GCC_WARN_UNDECLARED_SELECTOR = YES;
				GCC_WARN_UNINITIALIZED_AUTOS = YES_AGGRESSIVE;
				GCC_WARN_UNUSED_FUNCTION = YES;
				GCC_WARN_UNUSED_VARIABLE = YES;
				IPHONEOS_DEPLOYMENT_TARGET = 10.2;
				MTL_ENABLE_DEBUG_INFO = YES;
				ONLY_ACTIVE_ARCH = YES;
				SDKROOT = iphoneos;
				TARGETED_DEVICE_FAMILY = "1,2";
			};
			name = Debug;
		};
		B93578691F44158C00238F0B /* Release */ = {
			isa = XCBuildConfiguration;
			buildSettings = {
				ALWAYS_SEARCH_USER_PATHS = NO;
				CLANG_ANALYZER_NONNULL = YES;
				CLANG_CXX_LANGUAGE_STANDARD = "gnu++0x";
				CLANG_CXX_LIBRARY = "libc++";
				CLANG_ENABLE_MODULES = YES;
				CLANG_ENABLE_OBJC_ARC = YES;
				CLANG_WARN_BOOL_CONVERSION = YES;
				CLANG_WARN_CONSTANT_CONVERSION = YES;
				CLANG_WARN_DIRECT_OBJC_ISA_USAGE = YES_ERROR;
				CLANG_WARN_DOCUMENTATION_COMMENTS = YES;
				CLANG_WARN_EMPTY_BODY = YES;
				CLANG_WARN_ENUM_CONVERSION = YES;
				CLANG_WARN_INFINITE_RECURSION = YES;
				CLANG_WARN_INT_CONVERSION = YES;
				CLANG_WARN_OBJC_ROOT_CLASS = YES_ERROR;
				CLANG_WARN_SUSPICIOUS_MOVE = YES;
				CLANG_WARN_UNREACHABLE_CODE = YES;
				CLANG_WARN__DUPLICATE_METHOD_MATCH = YES;
				"CODE_SIGN_IDENTITY[sdk=iphoneos*]" = "iPhone Developer";
				COPY_PHASE_STRIP = NO;
				DEBUG_INFORMATION_FORMAT = "dwarf-with-dsym";
				ENABLE_NS_ASSERTIONS = NO;
				ENABLE_STRICT_OBJC_MSGSEND = YES;
				GCC_C_LANGUAGE_STANDARD = gnu99;
				GCC_NO_COMMON_BLOCKS = YES;
				GCC_WARN_64_TO_32_BIT_CONVERSION = YES;
				GCC_WARN_ABOUT_RETURN_TYPE = YES_ERROR;
				GCC_WARN_UNDECLARED_SELECTOR = YES;
				GCC_WARN_UNINITIALIZED_AUTOS = YES_AGGRESSIVE;
				GCC_WARN_UNUSED_FUNCTION = YES;
				GCC_WARN_UNUSED_VARIABLE = YES;
				IPHONEOS_DEPLOYMENT_TARGET = 10.2;
				MTL_ENABLE_DEBUG_INFO = NO;
				SDKROOT = iphoneos;
				TARGETED_DEVICE_FAMILY = "1,2";
				VALIDATE_PRODUCT = YES;
			};
			name = Release;
		};
		B935786B1F44158C00238F0B /* Debug */ = {
			isa = XCBuildConfiguration;
			buildSettings = {
				ASSETCATALOG_COMPILER_APPICON_NAME = AppIcon;
				INFOPLIST_FILE = StretchSlide/Info.plist;
				LD_RUNPATH_SEARCH_PATHS = "$(inherited) @executable_path/Frameworks";
				PRODUCT_BUNDLE_IDENTIFIER = hgg.StretchSlide;
				PRODUCT_NAME = "$(TARGET_NAME)";
			};
			name = Debug;
		};
		B935786C1F44158C00238F0B /* Release */ = {
			isa = XCBuildConfiguration;
			buildSettings = {
				ASSETCATALOG_COMPILER_APPICON_NAME = AppIcon;
				INFOPLIST_FILE = StretchSlide/Info.plist;
				LD_RUNPATH_SEARCH_PATHS = "$(inherited) @executable_path/Frameworks";
				PRODUCT_BUNDLE_IDENTIFIER = hgg.StretchSlide;
				PRODUCT_NAME = "$(TARGET_NAME)";
			};
			name = Release;
		};
		B935786E1F44158C00238F0B /* Debug */ = {
			isa = XCBuildConfiguration;
			buildSettings = {
				BUNDLE_LOADER = "$(TEST_HOST)";
				INFOPLIST_FILE = StretchSlideTests/Info.plist;
				LD_RUNPATH_SEARCH_PATHS = "$(inherited) @executable_path/Frameworks @loader_path/Frameworks";
				PRODUCT_BUNDLE_IDENTIFIER = hgg.StretchSlideTests;
				PRODUCT_NAME = "$(TARGET_NAME)";
				TEST_HOST = "$(BUILT_PRODUCTS_DIR)/StretchSlide.app/StretchSlide";
			};
			name = Debug;
		};
		B935786F1F44158C00238F0B /* Release */ = {
			isa = XCBuildConfiguration;
			buildSettings = {
				BUNDLE_LOADER = "$(TEST_HOST)";
				INFOPLIST_FILE = StretchSlideTests/Info.plist;
				LD_RUNPATH_SEARCH_PATHS = "$(inherited) @executable_path/Frameworks @loader_path/Frameworks";
				PRODUCT_BUNDLE_IDENTIFIER = hgg.StretchSlideTests;
				PRODUCT_NAME = "$(TARGET_NAME)";
				TEST_HOST = "$(BUILT_PRODUCTS_DIR)/StretchSlide.app/StretchSlide";
			};
			name = Release;
		};
		B93578711F44158C00238F0B /* Debug */ = {
			isa = XCBuildConfiguration;
			buildSettings = {
				INFOPLIST_FILE = StretchSlideUITests/Info.plist;
				LD_RUNPATH_SEARCH_PATHS = "$(inherited) @executable_path/Frameworks @loader_path/Frameworks";
				PRODUCT_BUNDLE_IDENTIFIER = hgg.StretchSlideUITests;
				PRODUCT_NAME = "$(TARGET_NAME)";
				TEST_TARGET_NAME = StretchSlide;
			};
			name = Debug;
		};
		B93578721F44158C00238F0B /* Release */ = {
			isa = XCBuildConfiguration;
			buildSettings = {
				INFOPLIST_FILE = StretchSlideUITests/Info.plist;
				LD_RUNPATH_SEARCH_PATHS = "$(inherited) @executable_path/Frameworks @loader_path/Frameworks";
				PRODUCT_BUNDLE_IDENTIFIER = hgg.StretchSlideUITests;
				PRODUCT_NAME = "$(TARGET_NAME)";
				TEST_TARGET_NAME = StretchSlide;
			};
			name = Release;
		};
/* End XCBuildConfiguration section */

/* Begin XCConfigurationList section */
		B93578381F44158C00238F0B /* Build configuration list for PBXProject "StretchSlide" */ = {
			isa = XCConfigurationList;
			buildConfigurations = (
				B93578681F44158C00238F0B /* Debug */,
				B93578691F44158C00238F0B /* Release */,
			);
			defaultConfigurationIsVisible = 0;
			defaultConfigurationName = Release;
		};
		B935786A1F44158C00238F0B /* Build configuration list for PBXNativeTarget "StretchSlide" */ = {
			isa = XCConfigurationList;
			buildConfigurations = (
				B935786B1F44158C00238F0B /* Debug */,
				B935786C1F44158C00238F0B /* Release */,
			);
			defaultConfigurationIsVisible = 0;
		};
		B935786D1F44158C00238F0B /* Build configuration list for PBXNativeTarget "StretchSlideTests" */ = {
			isa = XCConfigurationList;
			buildConfigurations = (
				B935786E1F44158C00238F0B /* Debug */,
				B935786F1F44158C00238F0B /* Release */,
			);
			defaultConfigurationIsVisible = 0;
		};
		B93578701F44158C00238F0B /* Build configuration list for PBXNativeTarget "StretchSlideUITests" */ = {
			isa = XCConfigurationList;
			buildConfigurations = (
				B93578711F44158C00238F0B /* Debug */,
				B93578721F44158C00238F0B /* Release */,
			);
			defaultConfigurationIsVisible = 0;
		};
/* End XCConfigurationList section */
	};
	rootObject = B93578351F44158C00238F0B /* Project object */;
}
